
Microsoft Visual Studio Solution File, Format Version 12.00
# Visual Studio Version 17
VisualStudioVersion = 17.11.35222.181
MinimumVisualStudioVersion = 10.0.40219.1
Project("{FAE04EC0-301F-11D3-BF4B-00C04F79EFBC}") = "JailbirdChargeBlocker", "JailbirdChargeBlocker.csproj", "{7D33BE7E-CDEA-4E9D-8497-2E7DB5CD5FB9}"
EndProject
Global
	GlobalSection(SolutionConfigurationPlatforms) = preSolution
		Debug|Any CPU = Debug|Any CPU
		Debug|x64 = Debug|x64
		Release|Any CPU = Release|Any CPU
		Release|x64 = Release|x64
	EndGlobalSection
	GlobalSection(ProjectConfigurationPlatforms) = postSolution
		{7D33BE7E-CDEA-4E9D-8497-2E7DB5CD5FB9}.Debug|Any CPU.ActiveCfg = Debug|Any CPU
		{7D33BE7E-CDEA-4E9D-8497-2E7DB5CD5FB9}.Debug|Any CPU.Build.0 = Debug|Any CPU
		{7D33BE7E-CDEA-4E9D-8497-2E7DB5CD5FB9}.Debug|x64.ActiveCfg = Debug|x64
		{7D33BE7E-CDEA-4E9D-8497-2E7DB5CD5FB9}.Debug|x64.Build.0 = Debug|x64
		{7D33BE7E-CDEA-4E9D-8497-2E7DB5CD5FB9}.Release|Any CPU.ActiveCfg = Release|Any CPU
		{7D33BE7E-CDEA-4E9D-8497-2E7DB5CD5FB9}.Release|Any CPU.Build.0 = Release|Any CPU
		{7D33BE7E-CDEA-4E9D-8497-2E7DB5CD5FB9}.Release|x64.ActiveCfg = Release|x64
		{7D33BE7E-CDEA-4E9D-8497-2E7DB5CD5FB9}.Release|x64.Build.0 = Release|x64
	EndGlobalSection
	GlobalSection(SolutionProperties) = preSolution
		HideSolutionNode = FALSE
	EndGlobalSection
	GlobalSection(ExtensibilityGlobals) = postSolution
		SolutionGuid = {11A1C154-24CB-438D-A1B2-FEC9DE9F6542}
	EndGlobalSection
EndGlobal
